
Microsoft Visual Studio Solution File, Format Version 12.00
# Visual Studio 15
VisualStudioVersion = 15.0.28307.1000
MinimumVisualStudioVersion = 10.0.40219.1
Project("{FAE04EC0-301F-11D3-BF4B-00C04F79EFBC}") = "DAM_Practica1.Android", "DAM_Practica1\DAM_Practica1.Android\DAM_Practica1.Android.csproj", "{F2CBC73A-8FE8-412F-8C85-17769B1C27EF}"
EndProject
Project("{FAE04EC0-301F-11D3-BF4B-00C04F79EFBC}") = "DAM_Practica1.iOS", "DAM_Practica1\DAM_Practica1.iOS\DAM_Practica1.iOS.csproj", "{8B8EF27C-F046-44F4-8B02-F6800359C239}"
EndProject
Project("{FAE04EC0-301F-11D3-BF4B-00C04F79EFBC}") = "DAM_Practica1", "DAM_Practica1\DAM_Practica1\DAM_Practica1.csproj", "{6B237C47-6553-4263-AE19-7A0C9046A16D}"
EndProject
Global
	GlobalSection(SolutionConfigurationPlatforms) = preSolution
		Ad-Hoc|Any CPU = Ad-Hoc|Any CPU
		Ad-Hoc|iPhone = Ad-Hoc|iPhone
		Ad-Hoc|iPhoneSimulator = Ad-Hoc|iPhoneSimulator
		AppStore|Any CPU = AppStore|Any CPU
		AppStore|iPhone = AppStore|iPhone
		AppStore|iPhoneSimulator = AppStore|iPhoneSimulator
		Debug|Any CPU = Debug|Any CPU
		Debug|iPhone = Debug|iPhone
		Debug|iPhoneSimulator = Debug|iPhoneSimulator
		Release|Any CPU = Release|Any CPU
		Release|iPhone = Release|iPhone
		Release|iPhoneSimulator = Release|iPhoneSimulator
	EndGlobalSection
	GlobalSection(ProjectConfigurationPlatforms) = postSolution
		{F2CBC73A-8FE8-412F-8C85-17769B1C27EF}.Ad-Hoc|Any CPU.ActiveCfg = Release|Any CPU
		{F2CBC73A-8FE8-412F-8C85-17769B1C27EF}.Ad-Hoc|Any CPU.Build.0 = Release|Any CPU
		{F2CBC73A-8FE8-412F-8C85-17769B1C27EF}.Ad-Hoc|Any CPU.Deploy.0 = Release|Any CPU
		{F2CBC73A-8FE8-412F-8C85-17769B1C27EF}.Ad-Hoc|iPhone.ActiveCfg = Release|Any CPU
		{F2CBC73A-8FE8-412F-8C85-17769B1C27EF}.Ad-Hoc|iPhone.Build.0 = Release|Any CPU
		{F2CBC73A-8FE8-412F-8C85-17769B1C27EF}.Ad-Hoc|iPhone.Deploy.0 = Release|Any CPU
		{F2CBC73A-8FE8-412F-8C85-17769B1C27EF}.Ad-Hoc|iPhoneSimulator.ActiveCfg = Release|Any CPU
		{F2CBC73A-8FE8-412F-8C85-17769B1C27EF}.Ad-Hoc|iPhoneSimulator.Build.0 = Release|Any CPU
		{F2CBC73A-8FE8-412F-8C85-17769B1C27EF}.Ad-Hoc|iPhoneSimulator.Deploy.0 = Release|Any CPU
		{F2CBC73A-8FE8-412F-8C85-17769B1C27EF}.AppStore|Any CPU.ActiveCfg = Release|Any CPU
		{F2CBC73A-8FE8-412F-8C85-17769B1C27EF}.AppStore|Any CPU.Build.0 = Release|Any CPU
		{F2CBC73A-8FE8-412F-8C85-17769B1C27EF}.AppStore|Any CPU.Deploy.0 = Release|Any CPU
		{F2CBC73A-8FE8-412F-8C85-17769B1C27EF}.AppStore|iPhone.ActiveCfg = Release|Any CPU
		{F2CBC73A-8FE8-412F-8C85-17769B1C27EF}.AppStore|iPhone.Build.0 = Release|Any CPU
		{F2CBC73A-8FE8-412F-8C85-17769B1C27EF}.AppStore|iPhone.Deploy.0 = Release|Any CPU
		{F2CBC73A-8FE8-412F-8C85-17769B1C27EF}.AppStore|iPhoneSimulator.ActiveCfg = Release|Any CPU
		{F2CBC73A-8FE8-412F-8C85-17769B1C27EF}.AppStore|iPhoneSimulator.Build.0 = Release|Any CPU
		{F2CBC73A-8FE8-412F-8C85-17769B1C27EF}.AppStore|iPhoneSimulator.Deploy.0 = Release|Any CPU
		{F2CBC73A-8FE8-412F-8C85-17769B1C27EF}.Debug|Any CPU.ActiveCfg = Debug|Any CPU
		{F2CBC73A-8FE8-412F-8C85-17769B1C27EF}.Debug|Any CPU.Build.0 = Debug|Any CPU
		{F2CBC73A-8FE8-412F-8C85-17769B1C27EF}.Debug|Any CPU.Deploy.0 = Debug|Any CPU
		{F2CBC73A-8FE8-412F-8C85-17769B1C27EF}.Debug|iPhone.ActiveCfg = Debug|Any CPU
		{F2CBC73A-8FE8-412F-8C85-17769B1C27EF}.Debug|iPhone.Build.0 = Debug|Any CPU
		{F2CBC73A-8FE8-412F-8C85-17769B1C27EF}.Debug|iPhone.Deploy.0 = Debug|Any CPU
		{F2CBC73A-8FE8-412F-8C85-17769B1C27EF}.Debug|iPhoneSimulator.ActiveCfg = Debug|Any CPU
		{F2CBC73A-8FE8-412F-8C85-17769B1C27EF}.Debug|iPhoneSimulator.Build.0 = Debug|Any CPU
		{F2CBC73A-8FE8-412F-8C85-17769B1C27EF}.Debug|iPhoneSimulator.Deploy.0 = Debug|Any CPU
		{F2CBC73A-8FE8-412F-8C85-17769B1C27EF}.Release|Any CPU.ActiveCfg = Release|Any CPU
		{F2CBC73A-8FE8-412F-8C85-17769B1C27EF}.Release|Any CPU.Build.0 = Release|Any CPU
		{F2CBC73A-8FE8-412F-8C85-17769B1C27EF}.Release|Any CPU.Deploy.0 = Release|Any CPU
		{F2CBC73A-8FE8-412F-8C85-17769B1C27EF}.Release|iPhone.ActiveCfg = Release|Any CPU
		{F2CBC73A-8FE8-412F-8C85-17769B1C27EF}.Release|iPhone.Build.0 = Release|Any CPU
		{F2CBC73A-8FE8-412F-8C85-17769B1C27EF}.Release|iPhone.Deploy.0 = Release|Any CPU
		{F2CBC73A-8FE8-412F-8C85-17769B1C27EF}.Release|iPhoneSimulator.ActiveCfg = Release|Any CPU
		{F2CBC73A-8FE8-412F-8C85-17769B1C27EF}.Release|iPhoneSimulator.Build.0 = Release|Any CPU
		{F2CBC73A-8FE8-412F-8C85-17769B1C27EF}.Release|iPhoneSimulator.Deploy.0 = Release|Any CPU
		{8B8EF27C-F046-44F4-8B02-F6800359C239}.Ad-Hoc|Any CPU.ActiveCfg = Ad-Hoc|iPhone
		{8B8EF27C-F046-44F4-8B02-F6800359C239}.Ad-Hoc|Any CPU.Build.0 = Ad-Hoc|iPhone
		{8B8EF27C-F046-44F4-8B02-F6800359C239}.Ad-Hoc|Any CPU.Deploy.0 = Ad-Hoc|iPhone
		{8B8EF27C-F046-44F4-8B02-F6800359C239}.Ad-Hoc|iPhone.ActiveCfg = Ad-Hoc|iPhone
		{8B8EF27C-F046-44F4-8B02-F6800359C239}.Ad-Hoc|iPhone.Build.0 = Ad-Hoc|iPhone
		{8B8EF27C-F046-44F4-8B02-F6800359C239}.Ad-Hoc|iPhone.Deploy.0 = Ad-Hoc|iPhone
		{8B8EF27C-F046-44F4-8B02-F6800359C239}.Ad-Hoc|iPhoneSimulator.ActiveCfg = Ad-Hoc|iPhoneSimulator
		{8B8EF27C-F046-44F4-8B02-F6800359C239}.Ad-Hoc|iPhoneSimulator.Build.0 = Ad-Hoc|iPhoneSimulator
		{8B8EF27C-F046-44F4-8B02-F6800359C239}.Ad-Hoc|iPhoneSimulator.Deploy.0 = Ad-Hoc|iPhoneSimulator
		{8B8EF27C-F046-44F4-8B02-F6800359C239}.AppStore|Any CPU.ActiveCfg = AppStore|iPhone
		{8B8EF27C-F046-44F4-8B02-F6800359C239}.AppStore|Any CPU.Build.0 = AppStore|iPhone
		{8B8EF27C-F046-44F4-8B02-F6800359C239}.AppStore|Any CPU.Deploy.0 = AppStore|iPhone
		{8B8EF27C-F046-44F4-8B02-F6800359C239}.AppStore|iPhone.ActiveCfg = AppStore|iPhone
		{8B8EF27C-F046-44F4-8B02-F6800359C239}.AppStore|iPhone.Build.0 = AppStore|iPhone
		{8B8EF27C-F046-44F4-8B02-F6800359C239}.AppStore|iPhone.Deploy.0 = AppStore|iPhone
		{8B8EF27C-F046-44F4-8B02-F6800359C239}.AppStore|iPhoneSimulator.ActiveCfg = AppStore|iPhoneSimulator
		{8B8EF27C-F046-44F4-8B02-F6800359C239}.AppStore|iPhoneSimulator.Build.0 = AppStore|iPhoneSimulator
		{8B8EF27C-F046-44F4-8B02-F6800359C239}.AppStore|iPhoneSimulator.Deploy.0 = AppStore|iPhoneSimulator
		{8B8EF27C-F046-44F4-8B02-F6800359C239}.Debug|Any CPU.ActiveCfg = Debug|iPhoneSimulator
		{8B8EF27C-F046-44F4-8B02-F6800359C239}.Debug|Any CPU.Build.0 = Debug|iPhoneSimulator
		{8B8EF27C-F046-44F4-8B02-F6800359C239}.Debug|Any CPU.Deploy.0 = Debug|iPhoneSimulator
		{8B8EF27C-F046-44F4-8B02-F6800359C239}.Debug|iPhone.ActiveCfg = Debug|iPhone
		{8B8EF27C-F046-44F4-8B02-F6800359C239}.Debug|iPhone.Build.0 = Debug|iPhone
		{8B8EF27C-F046-44F4-8B02-F6800359C239}.Debug|iPhone.Deploy.0 = Debug|iPhone
		{8B8EF27C-F046-44F4-8B02-F6800359C239}.Debug|iPhoneSimulator.ActiveCfg = Debug|iPhoneSimulator
		{8B8EF27C-F046-44F4-8B02-F6800359C239}.Debug|iPhoneSimulator.Build.0 = Debug|iPhoneSimulator
		{8B8EF27C-F046-44F4-8B02-F6800359C239}.Debug|iPhoneSimulator.Deploy.0 = Debug|iPhoneSimulator
		{8B8EF27C-F046-44F4-8B02-F6800359C239}.Release|Any CPU.ActiveCfg = Release|iPhone
		{8B8EF27C-F046-44F4-8B02-F6800359C239}.Release|Any CPU.Build.0 = Release|iPhone
		{8B8EF27C-F046-44F4-8B02-F6800359C239}.Release|Any CPU.Deploy.0 = Release|iPhone
		{8B8EF27C-F046-44F4-8B02-F6800359C239}.Release|iPhone.ActiveCfg = Release|iPhone
		{8B8EF27C-F046-44F4-8B02-F6800359C239}.Release|iPhone.Build.0 = Release|iPhone
		{8B8EF27C-F046-44F4-8B02-F6800359C239}.Release|iPhone.Deploy.0 = Release|iPhone
		{8B8EF27C-F046-44F4-8B02-F6800359C239}.Release|iPhoneSimulator.ActiveCfg = Release|iPhoneSimulator
		{8B8EF27C-F046-44F4-8B02-F6800359C239}.Release|iPhoneSimulator.Build.0 = Release|iPhoneSimulator
		{8B8EF27C-F046-44F4-8B02-F6800359C239}.Release|iPhoneSimulator.Deploy.0 = Release|iPhoneSimulator
		{6B237C47-6553-4263-AE19-7A0C9046A16D}.Ad-Hoc|Any CPU.ActiveCfg = Debug|Any CPU
		{6B237C47-6553-4263-AE19-7A0C9046A16D}.Ad-Hoc|Any CPU.Build.0 = Debug|Any CPU
		{6B237C47-6553-4263-AE19-7A0C9046A16D}.Ad-Hoc|Any CPU.Deploy.0 = Debug|Any CPU
		{6B237C47-6553-4263-AE19-7A0C9046A16D}.Ad-Hoc|iPhone.ActiveCfg = Debug|Any CPU
		{6B237C47-6553-4263-AE19-7A0C9046A16D}.Ad-Hoc|iPhone.Build.0 = Debug|Any CPU
		{6B237C47-6553-4263-AE19-7A0C9046A16D}.Ad-Hoc|iPhone.Deploy.0 = Debug|Any CPU
		{6B237C47-6553-4263-AE19-7A0C9046A16D}.Ad-Hoc|iPhoneSimulator.ActiveCfg = Debug|Any CPU
		{6B237C47-6553-4263-AE19-7A0C9046A16D}.Ad-Hoc|iPhoneSimulator.Build.0 = Debug|Any CPU
		{6B237C47-6553-4263-AE19-7A0C9046A16D}.Ad-Hoc|iPhoneSimulator.Deploy.0 = Debug|Any CPU
		{6B237C47-6553-4263-AE19-7A0C9046A16D}.AppStore|Any CPU.ActiveCfg = Debug|Any CPU
		{6B237C47-6553-4263-AE19-7A0C9046A16D}.AppStore|Any CPU.Build.0 = Debug|Any CPU
		{6B237C47-6553-4263-AE19-7A0C9046A16D}.AppStore|Any CPU.Deploy.0 = Debug|Any CPU
		{6B237C47-6553-4263-AE19-7A0C9046A16D}.AppStore|iPhone.ActiveCfg = Debug|Any CPU
		{6B237C47-6553-4263-AE19-7A0C9046A16D}.AppStore|iPhone.Build.0 = Debug|Any CPU
		{6B237C47-6553-4263-AE19-7A0C9046A16D}.AppStore|iPhone.Deploy.0 = Debug|Any CPU
		{6B237C47-6553-4263-AE19-7A0C9046A16D}.AppStore|iPhoneSimulator.ActiveCfg = Debug|Any CPU
		{6B237C47-6553-4263-AE19-7A0C9046A16D}.AppStore|iPhoneSimulator.Build.0 = Debug|Any CPU
		{6B237C47-6553-4263-AE19-7A0C9046A16D}.AppStore|iPhoneSimulator.Deploy.0 = Debug|Any CPU
		{6B237C47-6553-4263-AE19-7A0C9046A16D}.Debug|Any CPU.ActiveCfg = Debug|Any CPU
		{6B237C47-6553-4263-AE19-7A0C9046A16D}.Debug|Any CPU.Build.0 = Debug|Any CPU
		{6B237C47-6553-4263-AE19-7A0C9046A16D}.Debug|Any CPU.Deploy.0 = Debug|Any CPU
		{6B237C47-6553-4263-AE19-7A0C9046A16D}.Debug|iPhone.ActiveCfg = Debug|Any CPU
		{6B237C47-6553-4263-AE19-7A0C9046A16D}.Debug|iPhone.Build.0 = Debug|Any CPU
		{6B237C47-6553-4263-AE19-7A0C9046A16D}.Debug|iPhone.Deploy.0 = Debug|Any CPU
		{6B237C47-6553-4263-AE19-7A0C9046A16D}.Debug|iPhoneSimulator.ActiveCfg = Debug|Any CPU
		{6B237C47-6553-4263-AE19-7A0C9046A16D}.Debug|iPhoneSimulator.Build.0 = Debug|Any CPU
		{6B237C47-6553-4263-AE19-7A0C9046A16D}.Debug|iPhoneSimulator.Deploy.0 = Debug|Any CPU
		{6B237C47-6553-4263-AE19-7A0C9046A16D}.Release|Any CPU.ActiveCfg = Release|Any CPU
		{6B237C47-6553-4263-AE19-7A0C9046A16D}.Release|Any CPU.Build.0 = Release|Any CPU
		{6B237C47-6553-4263-AE19-7A0C9046A16D}.Release|Any CPU.Deploy.0 = Release|Any CPU
		{6B237C47-6553-4263-AE19-7A0C9046A16D}.Release|iPhone.ActiveCfg = Release|Any CPU
		{6B237C47-6553-4263-AE19-7A0C9046A16D}.Release|iPhone.Build.0 = Release|Any CPU
		{6B237C47-6553-4263-AE19-7A0C9046A16D}.Release|iPhone.Deploy.0 = Release|Any CPU
		{6B237C47-6553-4263-AE19-7A0C9046A16D}.Release|iPhoneSimulator.ActiveCfg = Release|Any CPU
		{6B237C47-6553-4263-AE19-7A0C9046A16D}.Release|iPhoneSimulator.Build.0 = Release|Any CPU
		{6B237C47-6553-4263-AE19-7A0C9046A16D}.Release|iPhoneSimulator.Deploy.0 = Release|Any CPU
	EndGlobalSection
	GlobalSection(SolutionProperties) = preSolution
		HideSolutionNode = FALSE
	EndGlobalSection
	GlobalSection(ExtensibilityGlobals) = postSolution
		SolutionGuid = {6B1422A5-F49A-4DC4-9871-BF64E845B4E6}
	EndGlobalSection
EndGlobal
